
Microsoft Visual Studio Solution File, Format Version 12.00
# Visual Studio Version 16
VisualStudioVersion = 16.0.29920.165
MinimumVisualStudioVersion = 10.0.40219.1
Project("{FAE04EC0-301F-11D3-BF4B-00C04F79EFBC}") = "ConsoleApp1", "ConsoleApp1\ConsoleApp1.csproj", "{1783B474-B65E-4A6D-841E-12615DACFBC0}"
EndProject
Global
	GlobalSection(SolutionConfigurationPlatforms) = preSolution
		Debug|Any CPU = Debug|Any CPU
		Release|Any CPU = Release|Any CPU
	EndGlobalSection
	GlobalSection(ProjectConfigurationPlatforms) = postSolution
		{1783B474-B65E-4A6D-841E-12615DACFBC0}.Debug|Any CPU.ActiveCfg = Debug|Any CPU
		{1783B474-B65E-4A6D-841E-12615DACFBC0}.Debug|Any CPU.Build.0 = Debug|Any CPU
		{1783B474-B65E-4A6D-841E-12615DACFBC0}.Release|Any CPU.ActiveCfg = Release|Any CPU
		{1783B474-B65E-4A6D-841E-12615DACFBC0}.Release|Any CPU.Build.0 = Release|Any CPU
	EndGlobalSection
	GlobalSection(SolutionProperties) = preSolution
		HideSolutionNode = FALSE
	EndGlobalSection
	GlobalSection(ExtensibilityGlobals) = postSolution
		SolutionGuid = {F29EF433-F87C-40AE-AD57-663FC3DCD04F}
	EndGlobalSection
EndGlobal
